
Microsoft Visual Studio Solution File, Format Version 12.00
# Visual Studio Version 16
VisualStudioVersion = 16.0.30204.135
MinimumVisualStudioVersion = 10.0.40219.1
Project("{FAE04EC0-301F-11D3-BF4B-00C04F79EFBC}") = "net-api", "net-api\net-api.csproj", "{9274054C-2B23-4044-826A-0AEA19DB1C0C}"
EndProject
Global
	GlobalSection(SolutionConfigurationPlatforms) = preSolution
		Debug|Any CPU = Debug|Any CPU
		Release|Any CPU = Release|Any CPU
	EndGlobalSection
	GlobalSection(ProjectConfigurationPlatforms) = postSolution
		{9274054C-2B23-4044-826A-0AEA19DB1C0C}.Debug|Any CPU.ActiveCfg = Debug|Any CPU
		{9274054C-2B23-4044-826A-0AEA19DB1C0C}.Debug|Any CPU.Build.0 = Debug|Any CPU
		{9274054C-2B23-4044-826A-0AEA19DB1C0C}.Release|Any CPU.ActiveCfg = Release|Any CPU
		{9274054C-2B23-4044-826A-0AEA19DB1C0C}.Release|Any CPU.Build.0 = Release|Any CPU
	EndGlobalSection
	GlobalSection(SolutionProperties) = preSolution
		HideSolutionNode = FALSE
	EndGlobalSection
	GlobalSection(ExtensibilityGlobals) = postSolution
		SolutionGuid = {73C0A3EF-7B79-4FA8-9570-DC85DEAEE562}
	EndGlobalSection
EndGlobal
